
Microsoft Visual Studio Solution File, Format Version 12.00
# Visual Studio Version 17
VisualStudioVersion = 17.8.34525.116
MinimumVisualStudioVersion = 10.0.40219.1
Project("{FAE04EC0-301F-11D3-BF4B-00C04F79EFBC}") = "BinaryTreeEx", "BinaryTreeEx\BinaryTreeEx.csproj", "{9B0C7A50-7AA1-4965-98AE-D1BA78AD5E13}"
EndProject
Global
	GlobalSection(SolutionConfigurationPlatforms) = preSolution
		Debug|Any CPU = Debug|Any CPU
		Release|Any CPU = Release|Any CPU
	EndGlobalSection
	GlobalSection(ProjectConfigurationPlatforms) = postSolution
		{9B0C7A50-7AA1-4965-98AE-D1BA78AD5E13}.Debug|Any CPU.ActiveCfg = Debug|Any CPU
		{9B0C7A50-7AA1-4965-98AE-D1BA78AD5E13}.Debug|Any CPU.Build.0 = Debug|Any CPU
		{9B0C7A50-7AA1-4965-98AE-D1BA78AD5E13}.Release|Any CPU.ActiveCfg = Release|Any CPU
		{9B0C7A50-7AA1-4965-98AE-D1BA78AD5E13}.Release|Any CPU.Build.0 = Release|Any CPU
	EndGlobalSection
	GlobalSection(SolutionProperties) = preSolution
		HideSolutionNode = FALSE
	EndGlobalSection
	GlobalSection(ExtensibilityGlobals) = postSolution
		SolutionGuid = {3B0107E0-5BE2-4DC4-BE39-3A7B7244E6F1}
	EndGlobalSection
EndGlobal
